
Microsoft Visual Studio Solution File, Format Version 12.00
# Visual Studio Version 17
VisualStudioVersion = 17.4.33205.214
MinimumVisualStudioVersion = 10.0.40219.1
Project("{8BC9CEB8-8B4A-11D0-8D11-00A0C91BC942}") = "WinAPI", "WinAPI\WinAPI.vcxproj", "{F1138B27-C942-4CA1-9765-A1366AA2CB87}"
EndProject
Project("{8BC9CEB8-8B4A-11D0-8D11-00A0C91BC942}") = "DialogBox", "DialogBox\DialogBox.vcxproj", "{18DD7B8E-7A9E-4812-B035-4181ED6F7105}"
EndProject
Project("{8BC9CEB8-8B4A-11D0-8D11-00A0C91BC942}") = "ComboBox", "ComboBox\ComboBox.vcxproj", "{51870597-E587-4BE9-A348-FA0C05F9C605}"
EndProject
Project("{8BC9CEB8-8B4A-11D0-8D11-00A0C91BC942}") = "ListBox", "ListBox\ListBox.vcxproj", "{C7E7CFC9-7100-4E56-8FF4-B06C1F3F774F}"
EndProject
Project("{8BC9CEB8-8B4A-11D0-8D11-00A0C91BC942}") = "Concatenator", "Concatenator\Concatenator.vcxproj", "{BD235B31-E821-48FA-AEB2-6D382BFA8D5A}"
EndProject
Project("{8BC9CEB8-8B4A-11D0-8D11-00A0C91BC942}") = "MainWindow", "MainWindow\MainWindow.vcxproj", "{5D659FCC-BF00-464D-9DDA-686C9E6205B0}"
EndProject
Project("{8BC9CEB8-8B4A-11D0-8D11-00A0C91BC942}") = "Calc", "Calc\Calc.vcxproj", "{ED16A253-A917-4E14-B6B2-DAC244CB5C97}"
EndProject
Project("{8BC9CEB8-8B4A-11D0-8D11-00A0C91BC942}") = "TextEditor", "TextEditor\TextEditor.vcxproj", "{7836EAD2-CB92-4A8B-B415-63197AB43A02}"
EndProject
Global
	GlobalSection(SolutionConfigurationPlatforms) = preSolution
		Debug|x64 = Debug|x64
		Debug|x86 = Debug|x86
		Release|x64 = Release|x64
		Release|x86 = Release|x86
	EndGlobalSection
	GlobalSection(ProjectConfigurationPlatforms) = postSolution
		{F1138B27-C942-4CA1-9765-A1366AA2CB87}.Debug|x64.ActiveCfg = Debug|x64
		{F1138B27-C942-4CA1-9765-A1366AA2CB87}.Debug|x64.Build.0 = Debug|x64
		{F1138B27-C942-4CA1-9765-A1366AA2CB87}.Debug|x86.ActiveCfg = Debug|Win32
		{F1138B27-C942-4CA1-9765-A1366AA2CB87}.Debug|x86.Build.0 = Debug|Win32
		{F1138B27-C942-4CA1-9765-A1366AA2CB87}.Release|x64.ActiveCfg = Release|x64
		{F1138B27-C942-4CA1-9765-A1366AA2CB87}.Release|x64.Build.0 = Release|x64
		{F1138B27-C942-4CA1-9765-A1366AA2CB87}.Release|x86.ActiveCfg = Release|Win32
		{F1138B27-C942-4CA1-9765-A1366AA2CB87}.Release|x86.Build.0 = Release|Win32
		{18DD7B8E-7A9E-4812-B035-4181ED6F7105}.Debug|x64.ActiveCfg = Debug|x64
		{18DD7B8E-7A9E-4812-B035-4181ED6F7105}.Debug|x64.Build.0 = Debug|x64
		{18DD7B8E-7A9E-4812-B035-4181ED6F7105}.Debug|x86.ActiveCfg = Debug|Win32
		{18DD7B8E-7A9E-4812-B035-4181ED6F7105}.Debug|x86.Build.0 = Debug|Win32
		{18DD7B8E-7A9E-4812-B035-4181ED6F7105}.Release|x64.ActiveCfg = Release|x64
		{18DD7B8E-7A9E-4812-B035-4181ED6F7105}.Release|x64.Build.0 = Release|x64
		{18DD7B8E-7A9E-4812-B035-4181ED6F7105}.Release|x86.ActiveCfg = Release|Win32
		{18DD7B8E-7A9E-4812-B035-4181ED6F7105}.Release|x86.Build.0 = Release|Win32
		{51870597-E587-4BE9-A348-FA0C05F9C605}.Debug|x64.ActiveCfg = Debug|x64
		{51870597-E587-4BE9-A348-FA0C05F9C605}.Debug|x64.Build.0 = Debug|x64
		{51870597-E587-4BE9-A348-FA0C05F9C605}.Debug|x86.ActiveCfg = Debug|Win32
		{51870597-E587-4BE9-A348-FA0C05F9C605}.Debug|x86.Build.0 = Debug|Win32
		{51870597-E587-4BE9-A348-FA0C05F9C605}.Release|x64.ActiveCfg = Release|x64
		{51870597-E587-4BE9-A348-FA0C05F9C605}.Release|x64.Build.0 = Release|x64
		{51870597-E587-4BE9-A348-FA0C05F9C605}.Release|x86.ActiveCfg = Release|Win32
		{51870597-E587-4BE9-A348-FA0C05F9C605}.Release|x86.Build.0 = Release|Win32
		{C7E7CFC9-7100-4E56-8FF4-B06C1F3F774F}.Debug|x64.ActiveCfg = Debug|x64
		{C7E7CFC9-7100-4E56-8FF4-B06C1F3F774F}.Debug|x64.Build.0 = Debug|x64
		{C7E7CFC9-7100-4E56-8FF4-B06C1F3F774F}.Debug|x86.ActiveCfg = Debug|Win32
		{C7E7CFC9-7100-4E56-8FF4-B06C1F3F774F}.Debug|x86.Build.0 = Debug|Win32
		{C7E7CFC9-7100-4E56-8FF4-B06C1F3F774F}.Release|x64.ActiveCfg = Release|x64
		{C7E7CFC9-7100-4E56-8FF4-B06C1F3F774F}.Release|x64.Build.0 = Release|x64
		{C7E7CFC9-7100-4E56-8FF4-B06C1F3F774F}.Release|x86.ActiveCfg = Release|Win32
		{C7E7CFC9-7100-4E56-8FF4-B06C1F3F774F}.Release|x86.Build.0 = Release|Win32
		{BD235B31-E821-48FA-AEB2-6D382BFA8D5A}.Debug|x64.ActiveCfg = Debug|x64
		{BD235B31-E821-48FA-AEB2-6D382BFA8D5A}.Debug|x64.Build.0 = Debug|x64
		{BD235B31-E821-48FA-AEB2-6D382BFA8D5A}.Debug|x86.ActiveCfg = Debug|Win32
		{BD235B31-E821-48FA-AEB2-6D382BFA8D5A}.Debug|x86.Build.0 = Debug|Win32
		{BD235B31-E821-48FA-AEB2-6D382BFA8D5A}.Release|x64.ActiveCfg = Release|x64
		{BD235B31-E821-48FA-AEB2-6D382BFA8D5A}.Release|x64.Build.0 = Release|x64
		{BD235B31-E821-48FA-AEB2-6D382BFA8D5A}.Release|x86.ActiveCfg = Release|Win32
		{BD235B31-E821-48FA-AEB2-6D382BFA8D5A}.Release|x86.Build.0 = Release|Win32
		{5D659FCC-BF00-464D-9DDA-686C9E6205B0}.Debug|x64.ActiveCfg = Debug|x64
		{5D659FCC-BF00-464D-9DDA-686C9E6205B0}.Debug|x64.Build.0 = Debug|x64
		{5D659FCC-BF00-464D-9DDA-686C9E6205B0}.Debug|x86.ActiveCfg = Debug|Win32
		{5D659FCC-BF00-464D-9DDA-686C9E6205B0}.Debug|x86.Build.0 = Debug|Win32
		{5D659FCC-BF00-464D-9DDA-686C9E6205B0}.Release|x64.ActiveCfg = Release|x64
		{5D659FCC-BF00-464D-9DDA-686C9E6205B0}.Release|x64.Build.0 = Release|x64
		{5D659FCC-BF00-464D-9DDA-686C9E6205B0}.Release|x86.ActiveCfg = Release|Win32
		{5D659FCC-BF00-464D-9DDA-686C9E6205B0}.Release|x86.Build.0 = Release|Win32
		{ED16A253-A917-4E14-B6B2-DAC244CB5C97}.Debug|x64.ActiveCfg = Debug|x64
		{ED16A253-A917-4E14-B6B2-DAC244CB5C97}.Debug|x64.Build.0 = Debug|x64
		{ED16A253-A917-4E14-B6B2-DAC244CB5C97}.Debug|x86.ActiveCfg = Debug|Win32
		{ED16A253-A917-4E14-B6B2-DAC244CB5C97}.Debug|x86.Build.0 = Debug|Win32
		{ED16A253-A917-4E14-B6B2-DAC244CB5C97}.Release|x64.ActiveCfg = Release|x64
		{ED16A253-A917-4E14-B6B2-DAC244CB5C97}.Release|x64.Build.0 = Release|x64
		{ED16A253-A917-4E14-B6B2-DAC244CB5C97}.Release|x86.ActiveCfg = Release|Win32
		{ED16A253-A917-4E14-B6B2-DAC244CB5C97}.Release|x86.Build.0 = Release|Win32
		{7836EAD2-CB92-4A8B-B415-63197AB43A02}.Debug|x64.ActiveCfg = Debug|x64
		{7836EAD2-CB92-4A8B-B415-63197AB43A02}.Debug|x64.Build.0 = Debug|x64
		{7836EAD2-CB92-4A8B-B415-63197AB43A02}.Debug|x86.ActiveCfg = Debug|Win32
		{7836EAD2-CB92-4A8B-B415-63197AB43A02}.Debug|x86.Build.0 = Debug|Win32
		{7836EAD2-CB92-4A8B-B415-63197AB43A02}.Release|x64.ActiveCfg = Release|x64
		{7836EAD2-CB92-4A8B-B415-63197AB43A02}.Release|x64.Build.0 = Release|x64
		{7836EAD2-CB92-4A8B-B415-63197AB43A02}.Release|x86.ActiveCfg = Release|Win32
		{7836EAD2-CB92-4A8B-B415-63197AB43A02}.Release|x86.Build.0 = Release|Win32
	EndGlobalSection
	GlobalSection(SolutionProperties) = preSolution
		HideSolutionNode = FALSE
	EndGlobalSection
	GlobalSection(ExtensibilityGlobals) = postSolution
		SolutionGuid = {8BDD507F-6120-45A7-9BF6-4BF18B6733F4}
	EndGlobalSection
EndGlobal
